[[package]]
name = "altgraph"
version = "0.17.2"
description = "Python graph (network) package"
category = "dev"
optional = false
python-versions = "*"

[[package]]
name = "future"
version = "0.18.2"
description = "Clean single-source support for Python 3 and 2"
category = "dev"
optional = false
python-versions = ">=2.6, !=3.0.*, !=3.1.*, !=3.2.*"

[[package]]
name = "importlib-metadata"
version = "4.10.1"
description = "Read metadata from Python packages"
category = "dev"
optional = false
python-versions = ">=3.7"

[package.dependencies]
typing-extensions = {version = ">=3.6.4", markers = "python_version < \"3.8\""}
zipp = ">=0.5"

[package.extras]
docs = ["sphinx", "jaraco.packaging (>=8.2)", "rst.linker (>=1.9)"]
perf = ["ipython"]
testing = ["pytest (>=6)", "pytest-checkdocs (>=2.4)", "pytest-flake8", "pytest-cov", "pytest-enabler (>=1.0.1)", "packaging", "pyfakefs", "flufl.flake8", "pytest-perf (>=0.9.2)", "pytest-black (>=0.3.7)", "pytest-mypy", "importlib-resources (>=1.3)"]

[[package]]
name = "macholib"
version = "1.15.2"
description = "Mach-O header analysis and editing"
category = "dev"
optional = false
python-versions = "*"

[package.dependencies]
altgraph = ">=0.15"

[[package]]
name = "pefile"
version = "2021.9.3"
description = "Python PE parsing module"
category = "dev"
optional = false
python-versions = ">=3.6.0"

[package.dependencies]
future = "*"

[[package]]
name = "proxy-tools"
version = "0.1.0"
description = "Proxy Implementation"
category = "main"
optional = false
python-versions = "*"

[[package]]
name = "pycparser"
version = "2.21"
description = "C parser in Python"
category = "main"
optional = false
python-versions = ">=2.7, !=3.0.*, !=3.1.*, !=3.2.*, !=3.3.*"

[[package]]
name = "pyinstaller"
version = "4.9"
description = "PyInstaller bundles a Python application and all its dependencies into a single package."
category = "dev"
optional = false
python-versions = "<3.11,>=3.6"

[package.dependencies]
altgraph = "*"
importlib-metadata = {version = "*", markers = "python_version < \"3.8\""}
macholib = {version = ">=1.8", markers = "sys_platform == \"darwin\""}
pefile = {version = ">=2017.8.1", markers = "sys_platform == \"win32\""}
pyinstaller-hooks-contrib = ">=2020.6"
pywin32-ctypes = {version = ">=0.2.0", markers = "sys_platform == \"win32\""}

[package.extras]
encryption = ["tinyaes (>=1.0.0)"]
hook_testing = ["pytest (>=2.7.3)", "execnet (>=1.5.0)", "psutil"]

[[package]]
name = "pyinstaller-hooks-contrib"
version = "2022.0"
description = "Community maintained hooks for PyInstaller"
category = "dev"
optional = false
python-versions = "*"

[[package]]
name = "pyobjc-core"
version = "7.3"
description = "Python<->ObjC Interoperability Module"
category = "main"
optional = false
python-versions = ">=3.6"

[[package]]
name = "pyobjc-framework-cocoa"
version = "7.3"
description = "Wrappers for the Cocoa frameworks on macOS"
category = "main"
optional = false
python-versions = ">=3.6"

[package.dependencies]
pyobjc-core = ">=7.3"

[[package]]
name = "pyobjc-framework-corewlan"
version = "7.3"
description = "Wrappers for the framework CoreWLAN on macOS"
category = "main"
optional = false
python-versions = ">=3.6"

[package.dependencies]
pyobjc-core = ">=7.3"
pyobjc-framework-Cocoa = ">=7.3"

[[package]]
name = "pyobjc-framework-webkit"
version = "7.3"
description = "Wrappers for the framework WebKit on macOS"
category = "main"
optional = false
python-versions = ">=3.6"

[package.dependencies]
pyobjc-core = ">=7.3"
pyobjc-framework-Cocoa = ">=7.3"

[[package]]
name = "pyqt5"
version = "5.15.6"
description = "Python bindings for the Qt cross platform application toolkit"
category = "main"
optional = false
python-versions = ">=3.6"

[package.dependencies]
PyQt5-Qt5 = ">=5.15.2"
PyQt5-sip = ">=12.8,<13"

[[package]]
name = "pyqt5-qt5"
version = "5.15.2"
description = "The subset of a Qt installation needed by PyQt5."
category = "main"
optional = false
python-versions = "*"

[[package]]
name = "pyqt5-sip"
version = "12.9.1"
description = "The sip module support for PyQt5"
category = "main"
optional = false
python-versions = ">=3.5"

[[package]]
name = "pythonnet"
version = "2.5.2"
description = ".Net and Mono integration for Python"
category = "main"
optional = false
python-versions = "*"

[package.dependencies]
pycparser = "*"

[[package]]
name = "pywebview"
version = "3.5"
description = "Build GUI for your Python program with JavaScript, HTML, and CSS."
category = "main"
optional = false
python-versions = "*"

[package.dependencies]
proxy_tools = "*"
pyobjc-core = {version = "*", markers = "sys_platform == \"darwin\""}
pyobjc-framework-Cocoa = {version = "*", markers = "sys_platform == \"darwin\""}
pyobjc-framework-WebKit = {version = "*", markers = "sys_platform == \"darwin\""}
PyQt5 = {version = "*", markers = "sys_platform == \"openbsd6\""}
pythonnet = {version = "*", markers = "sys_platform == \"win32\""}

[package.extras]
cef = ["cefpython3"]
gtk = ["pygobject"]
qt = ["pyqt5", "pyqtwebengine"]

[[package]]
name = "pywin32-ctypes"
version = "0.2.0"
description = ""
category = "dev"
optional = false
python-versions = "*"

[[package]]
name = "typing-extensions"
version = "4.0.1"
description = "Backported and Experimental Type Hints for Python 3.6+"
category = "dev"
optional = false
python-versions = ">=3.6"

[[package]]
name = "zipp"
version = "3.7.0"
description = "Backport of pathlib-compatible object wrapper for zip files"
category = "dev"
optional = false
python-versions = ">=3.7"

[package.extras]
docs = ["sphinx", "jaraco.packaging (>=8.2)", "rst.linker (>=1.9)"]
testing = ["pytest (>=6)", "pytest-checkdocs (>=2.4)", "pytest-flake8", "pytest-cov", "pytest-enabler (>=1.0.1)", "jaraco.itertools", "func-timeout", "pytest-black (>=0.3.7)", "pytest-mypy"]

[metadata]
lock-version = "1.1"
python-versions = "<3.11,>=3.7"
content-hash = "17c86ec77f13ec879b84be0b0433408196cb4173c294403456dc6377d41d392f"

[metadata.files]
altgraph = [
    {file = "altgraph-0.17.2-py2.py3-none-any.whl", hash = "sha256:743628f2ac6a7c26f5d9223c91ed8ecbba535f506f4b6f558885a8a56a105857"},
    {file = "altgraph-0.17.2.tar.gz", hash = "sha256:ebf2269361b47d97b3b88e696439f6e4cbc607c17c51feb1754f90fb79839158"},
]
future = [
    {file = "future-0.18.2.tar.gz", hash = "sha256:b1bead90b70cf6ec3f0710ae53a525360fa360d306a86583adc6bf83a4db537d"},
]
importlib-metadata = [
    {file = "importlib_metadata-4.10.1-py3-none-any.whl", hash = "sha256:899e2a40a8c4a1aec681feef45733de8a6c58f3f6a0dbed2eb6574b4387a77b6"},
    {file = "importlib_metadata-4.10.1.tar.gz", hash = "sha256:951f0d8a5b7260e9db5e41d429285b5f451e928479f19d80818878527d36e95e"},
]
macholib = [
    {file = "macholib-1.15.2-py2.py3-none-any.whl", hash = "sha256:885613dd02d3e26dbd2b541eb4cc4ce611b841f827c0958ab98656e478b9e6f6"},
    {file = "macholib-1.15.2.tar.gz", hash = "sha256:1542c41da3600509f91c165cb897e7e54c0e74008bd8da5da7ebbee519d593d2"},
]
pefile = [
    {file = "pefile-2021.9.3.tar.gz", hash = "sha256:344a49e40a94e10849f0fe34dddc80f773a12b40675bf2f7be4b8be578bdd94a"},
]
proxy-tools = [
    {file = "proxy_tools-0.1.0.tar.gz", hash = "sha256:ccb3751f529c047e2d8a58440d86b205303cf0fe8146f784d1cbcd94f0a28010"},
]
pycparser = [
    {file = "pycparser-2.21-py2.py3-none-any.whl", hash = "sha256:8ee45429555515e1f6b185e78100aea234072576aa43ab53aefcae078162fca9"},
    {file = "pycparser-2.21.tar.gz", hash = "sha256:e644fdec12f7872f86c58ff790da456218b10f863970249516d60a5eaca77206"},
]
pyinstaller = [
    {file = "pyinstaller-4.9-py3-none-macosx_10_13_universal2.whl", hash = "sha256:e2f165cea4470ce8a8349112cd78f48a61413805adc17792a91997a11cfe1d80"},
    {file = "pyinstaller-4.9-py3-none-manylinux2014_aarch64.whl", hash = "sha256:24035eb9fffa2e3e288b4c1c9710043819efc7203cae5c8c573bec16f4a8e98f"},
    {file = "pyinstaller-4.9-py3-none-manylinux2014_i686.whl", hash = "sha256:a0b988cfc197d40e3d773b3aa1c7d3e918fc0933b4c15ec3fc5d156f222d82cb"},
    {file = "pyinstaller-4.9-py3-none-manylinux2014_ppc64le.whl", hash = "sha256:62c97cbbdbee30974d607eb1de9afb081eb3adba787c203b00438e21027b829b"},
    {file = "pyinstaller-4.9-py3-none-manylinux2014_s390x.whl", hash = "sha256:7f46ab11ec986e4c525b93251063144e12d432a132dbc0070e3030e34c76537a"},
    {file = "pyinstaller-4.9-py3-none-manylinux2014_x86_64.whl", hash = "sha256:b5f1a94150315ea75bf3501be6c8476d65a7209580bb662da06dbdbc4454f375"},
    {file = "pyinstaller-4.9-py3-none-musllinux_1_1_aarch64.whl", hash = "sha256:ebeb87cdbadb2b4e8f991ffd9945ebd4fb3a7303180e63682c3e1ce01b3fdd22"},
    {file = "pyinstaller-4.9-py3-none-musllinux_1_1_x86_64.whl", hash = "sha256:59372b950d176fdc5ecea29719a8ab3f194b73a15b7f9875ac2a1de9a3daf5ed"},
    {file = "pyinstaller-4.9-py3-none-win32.whl", hash = "sha256:ec3ca331d565ffca1b6470c5aaf798885a03708c3d0b15c1b19009126f84c1d4"},
    {file = "pyinstaller-4.9-py3-none-win_amd64.whl", hash = "sha256:bec57b3b2b6178907255557ec0fc4b5ce5a0474013414cdadea853205c74ed26"},
    {file = "pyinstaller-4.9.tar.gz", hash = "sha256:75a180a658871bc41f9cf94b6f90ffa54e98f5d6a7cdb02d7530f0360afe24f9"},
]
pyinstaller-hooks-contrib = [
    {file = "pyinstaller-hooks-contrib-2022.0.tar.gz", hash = "sha256:61b667f51b2525377fae30793f38fd9752a08032c72b209effabf707c840cc38"},
    {file = "pyinstaller_hooks_contrib-2022.0-py2.py3-none-any.whl", hash = "sha256:29f0bd8fbb2ff6f2df60a0c147e5b5ad65ae5c1a982d90641a5f712de03fa161"},
]
pyobjc-core = [
    {file = "pyobjc-core-7.3.tar.gz", hash = "sha256:5081aedf8bb40aac1a8ad95adac9e44e148a882686ded614adf46bb67fd67574"},
    {file = "pyobjc_core-7.3-1-cp310-cp310-macosx_10_9_universal2.whl", hash = "sha256:a1f1e6b457127cbf2b5bd2b94520a7c89fb590b739911eadb2b0499a3a5b0e6f"},
    {file = "pyobjc_core-7.3-1-cp38-cp38-macosx_11_0_universal2.whl", hash = "sha256:ed708cc47bae8b711f81f252af09898a5f986c7a38cec5ad5623d571d328bff8"},
    {file = "pyobjc_core-7.3-cp310-cp310-macosx_10_9_universal2.whl", hash = "sha256:4e93ad769a20b908778fe950f62a843a6d8f0fa71996e5f3cc9fab5ae7d17771"},
    {file = "pyobjc_core-7.3-cp37-cp37m-macosx_10_9_x86_64.whl", hash = "sha256:9f63fd37bbf3785af4ddb2f86cad5ca81c62cfc7d1c0099637ca18343c3656c1"},
    {file = "pyobjc_core-7.3-cp38-cp38-macosx_10_9_x86_64.whl", hash = "sha256:e9b1311f72f2e170742a7ee3a8149f52c35158dc024a21e88d6f1e52ba5d718b"},
    {file = "pyobjc_core-7.3-cp39-cp39-macosx_10_9_universal2.whl", hash = "sha256:8d5e12a0729dfd1d998a861998b422d0a3e41923d75ea229bacf31372c831d7b"},
    {file = "pyobjc_core-7.3-cp39-cp39-macosx_10_9_x86_64.whl", hash = "sha256:efdee8c4884405e0c0186c57f87d7bfaa0abc1f50b18e865db3caea3a1f329b9"},
]
pyobjc-framework-cocoa = [
    {file = "pyobjc-framework-Cocoa-7.3.tar.gz", hash = "sha256:b18d05e7a795a3455ad191c3e43d6bfa673c2a4fd480bb1ccf57191051b80b7e"},
    {file = "pyobjc_framework_Cocoa-7.3-1-cp310-cp310-macosx_10_9_universal2.whl", hash = "sha256:1e31376806e5de883a1d7c7c87d9ff2a8b09fc05d267e0dfce6e42409fb70c67"},
    {file = "pyobjc_framework_Cocoa-7.3-1-cp38-cp38-macosx_11_0_universal2.whl", hash = "sha256:d999387927284346035cb63ebb51f86331abc41f9376f9a6970e7f18207db392"},
    {file = "pyobjc_framework_Cocoa-7.3-cp310-cp310-macosx_10_9_universal2.whl", hash = "sha256:9edffdfa6dd1f71f21b531c3e61fdd3e4d5d3bf6c5a528c98e88828cd60bac11"},
    {file = "pyobjc_framework_Cocoa-7.3-cp37-cp37m-macosx_10_9_x86_64.whl", hash = "sha256:35a6340437a4e0109a302150b7d1f6baf57004ccf74834f9e6062fcafe2fd8d7"},
    {file = "pyobjc_framework_Cocoa-7.3-cp38-cp38-macosx_10_9_x86_64.whl", hash = "sha256:7c3886f2608ab3ed02482f8b2ebf9f782b324c559e84b52cfd92dba8a1109872"},
    {file = "pyobjc_framework_Cocoa-7.3-cp39-cp39-macosx_10_9_universal2.whl", hash = "sha256:2e8e7a1a82cca21d9bfac9115baf065305f3da577bf240085964dfb9c9fff337"},
    {file = "pyobjc_framework_Cocoa-7.3-cp39-cp39-macosx_10_9_x86_64.whl", hash = "sha256:6c15f43077c9a2ba1853eb402ff7a9515df9e584315bc2fcb779d4c95ef46dc5"},
]
pyobjc-framework-corewlan = [
    {file = "pyobjc-framework-CoreWLAN-7.3.tar.gz", hash = "sha256:63ab61cd28cd1d61619150e1eff85e3c953f28b4240ec4011229100bb4749657"},
    {file = "pyobjc_framework_CoreWLAN-7.3-cp36-abi3-macosx_10_9_universal2.whl", hash = "sha256:f102cdc76b1715b85376f80b11d27034458083cd589a161926904dabbe04a41b"},
    {file = "pyobjc_framework_CoreWLAN-7.3-cp36-abi3-macosx_10_9_x86_64.whl", hash = "sha256:8bb19b278c56f9d5dc52ebe7a0f45565a26dcaea24f127e06234c8d75e66a6b1"},
]
pyobjc-framework-webkit = [
    {file = "pyobjc-framework-WebKit-7.3.tar.gz", hash = "sha256:bec3a985c0f5e4263d6e28e2c551c1b5ec7b63950e0e3cb5409abdbf61f11f01"},
    {file = "pyobjc_framework_WebKit-7.3-cp36-abi3-macosx_10_9_universal2.whl", hash = "sha256:cd388df8fde96db724a42745395998b6d5a98740fb29bac95f76884e2fa6bf27"},
    {file = "pyobjc_framework_WebKit-7.3-cp36-abi3-macosx_10_9_x86_64.whl", hash = "sha256:89e0fcc10eb09e4203b1ace02808ae9b1882b6c8a55bbfaff20213e2a62ce974"},
]
pyqt5 = [
    {file = "PyQt5-5.15.6-cp36-abi3-macosx_10_13_x86_64.whl", hash = "sha256:33ced1c876f6a26e7899615a5a4efef2167c263488837c7beed023a64cebd051"},
    {file = "PyQt5-5.15.6-cp36-abi3-manylinux1_x86_64.whl", hash = "sha256:9d6efad0377aa78bf081a20ac752ce86096ded18f04c592d98f5b92dc879ad0a"},
    {file = "PyQt5-5.15.6-cp36-abi3-win32.whl", hash = "sha256:9d2dcdaf82263ae56023410a7af15d1fd746c8e361733a7d0d1bd1f004ec2793"},
    {file = "PyQt5-5.15.6-cp36-abi3-win_amd64.whl", hash = "sha256:f411ecda52e488e1d3c5cce7563e1b2ca9cf0b7531e3c25b03d9a7e56e07e7fc"},
    {file = "PyQt5-5.15.6.tar.gz", hash = "sha256:80343bcab95ffba619f2ed2467fd828ffeb0a251ad7225be5fc06dcc333af452"},
]
pyqt5-qt5 = [
    {file = "PyQt5_Qt5-5.15.2-py3-none-macosx_10_13_intel.whl", hash = "sha256:76980cd3d7ae87e3c7a33bfebfaee84448fd650bad6840471d6cae199b56e154"},
    {file = "PyQt5_Qt5-5.15.2-py3-none-manylinux2014_x86_64.whl", hash = "sha256:1988f364ec8caf87a6ee5d5a3a5210d57539988bf8e84714c7d60972692e2f4a"},
    {file = "PyQt5_Qt5-5.15.2-py3-none-win32.whl", hash = "sha256:9cc7a768b1921f4b982ebc00a318ccb38578e44e45316c7a4a850e953e1dd327"},
    {file = "PyQt5_Qt5-5.15.2-py3-none-win_amd64.whl", hash = "sha256:750b78e4dba6bdf1607febedc08738e318ea09e9b10aea9ff0d73073f11f6962"},
]
pyqt5-sip = [
    {file = "PyQt5_sip-12.9.1-cp310-cp310-macosx_10_9_universal2.whl", hash = "sha256:6b2e553e21b7ff124007a6b9168f8bb8c171fdf230d31ca0588df180f10bacbe"},
    {file = "PyQt5_sip-12.9.1-cp310-cp310-manylinux1_x86_64.whl", hash = "sha256:5740a1770d6b92a5dca8bb0bda4620baf0d7a726beb864f69c667ddac91d6f64"},
    {file = "PyQt5_sip-12.9.1-cp310-cp310-win32.whl", hash = "sha256:9699286fcdf4f75a4b91c7e4832c0f926af18d648c62a4ed72dd294c1a93705a"},
    {file = "PyQt5_sip-12.9.1-cp310-cp310-win_amd64.whl", hash = "sha256:e2792af660da7479799f53028da88190ae8b4a0ad5acc2acbfd6c7bbfe110d58"},
    {file = "PyQt5_sip-12.9.1-cp36-cp36m-macosx_10_6_intel.whl", hash = "sha256:7ee08ad0ebf85b935f5d8d38306f8665fff9a6026c14fc0a7d780649e889c096"},
    {file = "PyQt5_sip-12.9.1-cp36-cp36m-manylinux1_x86_64.whl", hash = "sha256:2d21420b0739df2607864e2c80ca01994bc40cb116da6ad024ea8d9f407b0356"},
    {file = "PyQt5_sip-12.9.1-cp36-cp36m-win32.whl", hash = "sha256:ffd25051962c593d1c3c30188b9fbd8589ba17acd23a0202dc987bd3552fa611"},
    {file = "PyQt5_sip-12.9.1-cp36-cp36m-win_amd64.whl", hash = "sha256:78ef8f1f41819661aa8e3117d6c1cd76fa14aef265e5bfd515dbfc64d412416b"},
    {file = "PyQt5_sip-12.9.1-cp37-cp37m-macosx_10_9_x86_64.whl", hash = "sha256:5e641182bfee0501267c55e687832e4efe05becdae9e555d3695d706009b6598"},
    {file = "PyQt5_sip-12.9.1-cp37-cp37m-manylinux1_x86_64.whl", hash = "sha256:c9a977d2835a5fbf250b00d61267dc228bdec9e20c7420d4e8d54d6f20410f87"},
    {file = "PyQt5_sip-12.9.1-cp37-cp37m-win32.whl", hash = "sha256:cec6ebf0b1163b18f09bc523160c467a9528b6dca129753827ac0bc432b332ae"},
    {file = "PyQt5_sip-12.9.1-cp37-cp37m-win_amd64.whl", hash = "sha256:82c1b3080db7634fa318fddbb3cfaa30e63a67bca1001a76958c31f30b774a9d"},
    {file = "PyQt5_sip-12.9.1-cp38-cp38-macosx_10_9_x86_64.whl", hash = "sha256:cfaad4a773c18b963092589b1a98153d36624601de8597a4dc287e5a295d5625"},
    {file = "PyQt5_sip-12.9.1-cp38-cp38-manylinux1_x86_64.whl", hash = "sha256:ce7a8b3af9db378c46b345d9809d481a74c4bfcd3129486c054fbdbc6a3503f9"},
    {file = "PyQt5_sip-12.9.1-cp38-cp38-win32.whl", hash = "sha256:8fe5b3e4bbb8b472d05631cad21028d073f9f8eda770041449514cb3824a867f"},
    {file = "PyQt5_sip-12.9.1-cp38-cp38-win_amd64.whl", hash = "sha256:5d59c4a5e856a35c41b47f5a23e1635b38cd1672f4f0122a68ebcb6889523ff2"},
    {file = "PyQt5_sip-12.9.1-cp39-cp39-macosx_10_9_x86_64.whl", hash = "sha256:b56aedf7b0a496e4a8bd6087566888cea448aa01c76126cdb8b140e3ff3f5d93"},
    {file = "PyQt5_sip-12.9.1-cp39-cp39-manylinux1_x86_64.whl", hash = "sha256:53e23dcc0fc3857204abd47660e383b930941bd1aeaf3c78ed59c5c12dd48010"},
    {file = "PyQt5_sip-12.9.1-cp39-cp39-win32.whl", hash = "sha256:ee188eac5fd94dfe8d9e04a9e7fbda65c3535d5709278d8b7367ebd54f00e27f"},
    {file = "PyQt5_sip-12.9.1-cp39-cp39-win_amd64.whl", hash = "sha256:989d51c41456cc496cb96f0b341464932b957040d26561f0bb4cf5a0914d6b36"},
    {file = "PyQt5_sip-12.9.1.tar.gz", hash = "sha256:2f24f299b44c511c23796aafbbb581bfdebf78d0905657b7cee2141b4982030e"},
]
pythonnet = [
    {file = "pythonnet-2.5.2-cp27-cp27m-win32.whl", hash = "sha256:d519bbc7b1cd3999651efc594d91cb67c46d1d8466dad3d83b578102e58d05bd"},
    {file = "pythonnet-2.5.2-cp27-cp27m-win_amd64.whl", hash = "sha256:c02f53d0e61b202cddf3198fac9553d5b4ee0ea0cc4fe658c2ed69ab24def276"},
    {file = "pythonnet-2.5.2-cp35-cp35m-win32.whl", hash = "sha256:840bdef89b378663d73f74f18895b6d8630d1f5671457a1db5ffb68179d85582"},
    {file = "pythonnet-2.5.2-cp35-cp35m-win_amd64.whl", hash = "sha256:d8e5b27de1e2cfb69b88782ac5cdf605b1a73598a85d86570e46961126628dbb"},
    {file = "pythonnet-2.5.2-cp36-cp36m-win32.whl", hash = "sha256:62645c29840c4a877d66e047f3e065b2e5a1a66431a99bce8d42a5af3a093ee1"},
    {file = "pythonnet-2.5.2-cp36-cp36m-win_amd64.whl", hash = "sha256:058e536062d1585d07ec5f2cf16aefcfc8eb8179faa90e5db0063d358469d025"},
    {file = "pythonnet-2.5.2-cp37-cp37m-win32.whl", hash = "sha256:cc77fc63e2afb0a80199ab44ced4fdfb78c19d8030063c345c80740d15380dd9"},
    {file = "pythonnet-2.5.2-cp37-cp37m-win_amd64.whl", hash = "sha256:80c8f5c9bd10440a73eb6aedbbacb2f3dd7701b474816f5ef7636f529d838d38"},
    {file = "pythonnet-2.5.2-cp38-cp38-win32.whl", hash = "sha256:41a607b7304e9efc6d4d8db438d6018a17c6637e8b8998848ff5c2a7a1b4687c"},
    {file = "pythonnet-2.5.2-cp38-cp38-win_amd64.whl", hash = "sha256:00a4fed9fc05b4efbe8947c79dc0799cffbca4c89e3e068e70b6618f20c906f2"},
    {file = "pythonnet-2.5.2.tar.gz", hash = "sha256:b7287480a1f6ae4b6fc80d775446d8af00e051ca1646b6cc3d32c5d3a461ede3"},
]
pywebview = [
    {file = "pywebview-3.5.tar.gz", hash = "sha256:a6e4c467c4d1d4522f11dd9c8f7f2b6204e0c24064e1bdf7d5fd3cfff5e54616"},
]
pywin32-ctypes = [
    {file = "pywin32-ctypes-0.2.0.tar.gz", hash = "sha256:24ffc3b341d457d48e8922352130cf2644024a4ff09762a2261fd34c36ee5942"},
    {file = "pywin32_ctypes-0.2.0-py2.py3-none-any.whl", hash = "sha256:9dc2d991b3479cc2df15930958b674a48a227d5361d413827a4cfd0b5876fc98"},
]
typing-extensions = [
    {file = "typing_extensions-4.0.1-py3-none-any.whl", hash = "sha256:7f001e5ac290a0c0401508864c7ec868be4e701886d5b573a9528ed3973d9d3b"},
    {file = "typing_extensions-4.0.1.tar.gz", hash = "sha256:4ca091dea149f945ec56afb48dae714f21e8692ef22a395223bcd328961b6a0e"},
]
zipp = [
    {file = "zipp-3.7.0-py3-none-any.whl", hash = "sha256:b47250dd24f92b7dd6a0a8fc5244da14608f3ca90a5efcd37a3b1642fac9a375"},
    {file = "zipp-3.7.0.tar.gz", hash = "sha256:9f50f446828eb9d45b267433fd3e9da8d801f614129124863f9c51ebceafb87d"},
]
